
Microsoft Visual Studio Solution File, Format Version 12.00
# Visual Studio Version 16
VisualStudioVersion = 16.0.30114.105
MinimumVisualStudioVersion = 10.0.40219.1
Project("{FAE04EC0-301F-11D3-BF4B-00C04F79EFBC}") = "WebAPI", "WebAPI\WebAPI.csproj", "{6CB5F75E-B579-4579-88EB-B38B4292EF9B}"
EndProject
Project("{FAE04EC0-301F-11D3-BF4B-00C04F79EFBC}") = "AjaxSample", "AjaxSample\AjaxSample.csproj", "{E3E2E5B6-5957-4719-B9BA-9C33E9A94529}"
EndProject
Global
	GlobalSection(SolutionConfigurationPlatforms) = preSolution
		Debug|Any CPU = Debug|Any CPU
		Release|Any CPU = Release|Any CPU
	EndGlobalSection
	GlobalSection(SolutionProperties) = preSolution
		HideSolutionNode = FALSE
	EndGlobalSection
	GlobalSection(ProjectConfigurationPlatforms) = postSolution
		{6CB5F75E-B579-4579-88EB-B38B4292EF9B}.Debug|Any CPU.ActiveCfg = Debug|Any CPU
		{6CB5F75E-B579-4579-88EB-B38B4292EF9B}.Debug|Any CPU.Build.0 = Debug|Any CPU
		{6CB5F75E-B579-4579-88EB-B38B4292EF9B}.Release|Any CPU.ActiveCfg = Release|Any CPU
		{6CB5F75E-B579-4579-88EB-B38B4292EF9B}.Release|Any CPU.Build.0 = Release|Any CPU
		{E3E2E5B6-5957-4719-B9BA-9C33E9A94529}.Debug|Any CPU.ActiveCfg = Debug|Any CPU
		{E3E2E5B6-5957-4719-B9BA-9C33E9A94529}.Debug|Any CPU.Build.0 = Debug|Any CPU
		{E3E2E5B6-5957-4719-B9BA-9C33E9A94529}.Release|Any CPU.ActiveCfg = Release|Any CPU
		{E3E2E5B6-5957-4719-B9BA-9C33E9A94529}.Release|Any CPU.Build.0 = Release|Any CPU
	EndGlobalSection
EndGlobal
